
Microsoft Visual Studio Solution File, Format Version 12.00
# Visual Studio Version 17
VisualStudioVersion = 17.6.33829.357
MinimumVisualStudioVersion = 10.0.40219.1
Project("{FAE04EC0-301F-11D3-BF4B-00C04F79EFBC}") = "Gestion de cliente", "Gestion de cliente.csproj", "{69F8AD12-7CD6-4B15-8E51-A5380A98C5DB}"
EndProject
Global
	GlobalSection(SolutionConfigurationPlatforms) = preSolution
		Debug|Any CPU = Debug|Any CPU
		Release|Any CPU = Release|Any CPU
	EndGlobalSection
	GlobalSection(ProjectConfigurationPlatforms) = postSolution
		{69F8AD12-7CD6-4B15-8E51-A5380A98C5DB}.Debug|Any CPU.ActiveCfg = Debug|Any CPU
		{69F8AD12-7CD6-4B15-8E51-A5380A98C5DB}.Debug|Any CPU.Build.0 = Debug|Any CPU
		{69F8AD12-7CD6-4B15-8E51-A5380A98C5DB}.Release|Any CPU.ActiveCfg = Release|Any CPU
		{69F8AD12-7CD6-4B15-8E51-A5380A98C5DB}.Release|Any CPU.Build.0 = Release|Any CPU
	EndGlobalSection
	GlobalSection(SolutionProperties) = preSolution
		HideSolutionNode = FALSE
	EndGlobalSection
	GlobalSection(ExtensibilityGlobals) = postSolution
		SolutionGuid = {DB0F3267-CD02-4A85-B24C-B5D15299040A}
	EndGlobalSection
EndGlobal
